
Microsoft Visual Studio Solution File, Format Version 12.00
# Visual Studio Version 16
VisualStudioVersion = 16.0.33801.447
MinimumVisualStudioVersion = 10.0.40219.1

Project("{FAE04EC0-301F-11D3-BF4B-00C04F79EFBC}") = "TestingEnvManager", "..\TestingEnvManager\TestingEnvManager.csproj", "{A40ABF32-DECB-4CB0-9B26-DAC1ECCD96C0}"
EndProject

Project("{FAE04EC0-301F-11D3-BF4B-00C04F79EFBC}") = "EnvironmentPathManagerBusinessLayer", "EnvironmentPathManagerBusinessLayer.csproj", "{C2DC0362-A7FB-498A-9028-044D900F4608}"
EndProject

Global
	GlobalSection(SolutionConfigurationPlatforms) = preSolution
		Debug|Any CPU = Debug|Any CPU
		Release|Any CPU = Release|Any CPU
	EndGlobalSection
	GlobalSection(ProjectConfigurationPlatforms) = postSolution
		{A40ABF32-DECB-4CB0-9B26-DAC1ECCD96C0}.Debug|Any CPU.ActiveCfg = Debug|Any CPU
		{A40ABF32-DECB-4CB0-9B26-DAC1ECCD96C0}.Debug|Any CPU.Build.0 = Debug|Any CPU
		{A40ABF32-DECB-4CB0-9B26-DAC1ECCD96C0}.Release|Any CPU.ActiveCfg = Release|Any CPU
		{A40ABF32-DECB-4CB0-9B26-DAC1ECCD96C0}.Release|Any CPU.Build.0 = Release|Any CPU
		{C2DC0362-A7FB-498A-9028-044D900F4608}.Debug|Any CPU.ActiveCfg = Debug|Any CPU
		{C2DC0362-A7FB-498A-9028-044D900F4608}.Debug|Any CPU.Build.0 = Debug|Any CPU
		{C2DC0362-A7FB-498A-9028-044D900F4608}.Release|Any CPU.ActiveCfg = Release|Any CPU
		{C2DC0362-A7FB-498A-9028-044D900F4608}.Release|Any CPU.Build.0 = Release|Any CPU
		
	EndGlobalSection
	GlobalSection(SolutionProperties) = preSolution
		HideSolutionNode = FALSE
	EndGlobalSection
	GlobalSection(ExtensibilityGlobals) = postSolution
		SolutionGuid = {734A102C-F9F5-4AD9-B786-A46B020F7200}
	EndGlobalSection
EndGlobal
